
Microsoft Visual Studio Solution File, Format Version 12.00
# Visual Studio 14
VisualStudioVersion = 14.0.25420.1
MinimumVisualStudioVersion = 10.0.40219.1
Project("{FAE04EC0-301F-11D3-BF4B-00C04F79EFBC}") = "Odp.net LINQ Provider", "Odp.net LINQ Provider.csproj", "{908CD81D-A4BD-4008-92F2-48DECC6CF4E0}"
EndProject
Global
	GlobalSection(SolutionConfigurationPlatforms) = preSolution
		CacheByExpression|Any CPU = CacheByExpression|Any CPU
		CacheByLocation|Any CPU = CacheByLocation|Any CPU
		Debug|Any CPU = Debug|Any CPU
		NoCache|Any CPU = NoCache|Any CPU
		Release|Any CPU = Release|Any CPU
	EndGlobalSection
	GlobalSection(ProjectConfigurationPlatforms) = postSolution
		{908CD81D-A4BD-4008-92F2-48DECC6CF4E0}.CacheByExpression|Any CPU.ActiveCfg = CacheByExpression|Any CPU
		{908CD81D-A4BD-4008-92F2-48DECC6CF4E0}.CacheByExpression|Any CPU.Build.0 = CacheByExpression|Any CPU
		{908CD81D-A4BD-4008-92F2-48DECC6CF4E0}.CacheByLocation|Any CPU.ActiveCfg = CacheByLocation|Any CPU
		{908CD81D-A4BD-4008-92F2-48DECC6CF4E0}.CacheByLocation|Any CPU.Build.0 = CacheByLocation|Any CPU
		{908CD81D-A4BD-4008-92F2-48DECC6CF4E0}.Debug|Any CPU.ActiveCfg = Debug|Any CPU
		{908CD81D-A4BD-4008-92F2-48DECC6CF4E0}.Debug|Any CPU.Build.0 = Debug|Any CPU
		{908CD81D-A4BD-4008-92F2-48DECC6CF4E0}.NoCache|Any CPU.ActiveCfg = NoCache|Any CPU
		{908CD81D-A4BD-4008-92F2-48DECC6CF4E0}.NoCache|Any CPU.Build.0 = NoCache|Any CPU
		{908CD81D-A4BD-4008-92F2-48DECC6CF4E0}.Release|Any CPU.ActiveCfg = Release|Any CPU
		{908CD81D-A4BD-4008-92F2-48DECC6CF4E0}.Release|Any CPU.Build.0 = Release|Any CPU
	EndGlobalSection
	GlobalSection(SolutionProperties) = preSolution
		HideSolutionNode = FALSE
	EndGlobalSection
EndGlobal
